{
  "nodes": {
    "nixpkgs": {
      "locked": {
        "lastModified": 1790635395,
        "narHash": "sha256-6AXgcEB8kiYLV1aewneIGmpljLLQcd2Xo/gmDYxvKYc=",
        "rev": "7fc6f2c20af09cdcaf48b92ec3121860139ec668",
        "type": "tarball",
        "url": "https://releases.nixos.org/nixos/26.05/nixos-26.05.10882.7fc6f2c20af0/nixexprs.tar.xz"
      },
      "original": {
        "type": "tarball",
        "url": "https://channels.nixos.org/nixos-26.05/nixexprs.tar.xz"
      }
    },
    "root": {
      "inputs": {
        "nixpkgs": "nixpkgs"
      }
    }
  },
  "root": "root",
  "version": 7
}
