{
  "nodes": {
    "nixpkgs": {
      "locked": {
        "lastModified": 1790870687,
        "narHash": "sha256-L1PjLZOpzMeubJPLcr0txsCSMdOqEN9xliZyFXnSLGs=",
        "rev": "4feb8eb8bf30f323a8a5d285f14ee51d6a7197b1",
        "type": "tarball",
        "url": "https://releases.nixos.org/nixos/26.05/nixos-26.05.11006.4feb8eb8bf30/nixexprs.tar.xz"
      },
      "original": {
        "type": "tarball",
        "url": "https://channels.nixos.org/nixos-26.05/nixexprs.tar.xz"
      }
    },
    "root": {
      "inputs": {
        "nixpkgs": "nixpkgs"
      }
    }
  },
  "root": "root",
  "version": 7
}
