{
  "nodes": {
    "lark": {
      "flake": false,
      "locked": {
        "lastModified": 1790961258,
        "narHash": "sha256-RI39YhQLHtbQyLJsrOcvkVfBOQttDXme2S2Jo8vKn44=",
        "ref": "refs/heads/main",
        "rev": "4e6aa925c469770b9a3c2d776a0449f8ea58ce75",
        "shallow": true,
        "type": "git",
        "url": "https://github.com/matthewjones372/lark"
      },
      "original": {
        "shallow": true,
        "type": "git",
        "url": "https://github.com/matthewjones372/lark"
      }
    },
    "nixpkgs": {
      "locked": {
        "lastModified": 1790450978,
        "narHash": "sha256-GM0+sQwNfU1In6UEyBwpwjG3vX3g81kfKvcTlW2muL0=",
        "rev": "5e2305d577ca00acbba631b05cb1094d172b29f3",
        "type": "tarball",
        "url": "https://releases.nixos.org/nixos/26.05/nixos-26.05.10718.5e2305d577ca/nixexprs.tar.xz"
      },
      "original": {
        "type": "tarball",
        "url": "https://channels.nixos.org/nixos-26.05/nixexprs.tar.xz"
      }
    },
    "pelican": {
      "flake": false,
      "locked": {
        "lastModified": 1791296611,
        "narHash": "sha256-CPjehCnS2YyVR6YHKcfU+ExP0eWLifis7LeY3Z81pOY=",
        "ref": "refs/heads/main",
        "rev": "a2024349bc5504ab4466a1a7bc0c1f0382c2a14a",
        "shallow": true,
        "type": "git",
        "url": "https://github.com/matthewjones372/pelican"
      },
      "original": {
        "shallow": true,
        "type": "git",
        "url": "https://github.com/matthewjones372/pelican"
      }
    },
    "root": {
      "inputs": {
        "lark": "lark",
        "nixpkgs": "nixpkgs",
        "pelican": "pelican"
      }
    }
  },
  "root": "root",
  "version": 7
}
